
Microsoft Visual Studio Solution File, Format Version 12.00
# Visual Studio Version 16
VisualStudioVersion = 16.0.30907.101
MinimumVisualStudioVersion = 10.0.40219.1
Project("{FAE04EC0-301F-11D3-BF4B-00C04F79EFBC}") = "EmployeePortal", "EmployeePortal\EmployeePortal.csproj", "{A73D1070-5727-4E92-B7E3-031FDADA83B1}"
EndProject
Project("{FAE04EC0-301F-11D3-BF4B-00C04F79EFBC}") = "Logger", "Logger\Logger.csproj", "{F8072570-02E1-4D1E-943F-AADDF826656A}"
EndProject
Project("{FAE04EC0-301F-11D3-BF4B-00C04F79EFBC}") = "Singleton", "Singleton\Singleton.csproj", "{3D12405A-6E19-4B85-B7C1-D9D09C3F6E08}"
EndProject
Global
	GlobalSection(SolutionConfigurationPlatforms) = preSolution
		Debug|Any CPU = Debug|Any CPU
		Release|Any CPU = Release|Any CPU
	EndGlobalSection
	GlobalSection(ProjectConfigurationPlatforms) = postSolution
		{A73D1070-5727-4E92-B7E3-031FDADA83B1}.Debug|Any CPU.ActiveCfg = Debug|Any CPU
		{A73D1070-5727-4E92-B7E3-031FDADA83B1}.Debug|Any CPU.Build.0 = Debug|Any CPU
		{A73D1070-5727-4E92-B7E3-031FDADA83B1}.Release|Any CPU.ActiveCfg = Release|Any CPU
		{A73D1070-5727-4E92-B7E3-031FDADA83B1}.Release|Any CPU.Build.0 = Release|Any CPU
		{F8072570-02E1-4D1E-943F-AADDF826656A}.Debug|Any CPU.ActiveCfg = Debug|Any CPU
		{F8072570-02E1-4D1E-943F-AADDF826656A}.Debug|Any CPU.Build.0 = Debug|Any CPU
		{F8072570-02E1-4D1E-943F-AADDF826656A}.Release|Any CPU.ActiveCfg = Release|Any CPU
		{F8072570-02E1-4D1E-943F-AADDF826656A}.Release|Any CPU.Build.0 = Release|Any CPU
		{3D12405A-6E19-4B85-B7C1-D9D09C3F6E08}.Debug|Any CPU.ActiveCfg = Debug|Any CPU
		{3D12405A-6E19-4B85-B7C1-D9D09C3F6E08}.Debug|Any CPU.Build.0 = Debug|Any CPU
		{3D12405A-6E19-4B85-B7C1-D9D09C3F6E08}.Release|Any CPU.ActiveCfg = Release|Any CPU
		{3D12405A-6E19-4B85-B7C1-D9D09C3F6E08}.Release|Any CPU.Build.0 = Release|Any CPU
	EndGlobalSection
	GlobalSection(SolutionProperties) = preSolution
		HideSolutionNode = FALSE
	EndGlobalSection
	GlobalSection(ExtensibilityGlobals) = postSolution
		SolutionGuid = {28E0C338-2B1C-436C-85D5-C3F1BD09AD1C}
	EndGlobalSection
EndGlobal
